
Microsoft Visual Studio Solution File, Format Version 12.00
# Visual Studio 15
VisualStudioVersion = 15.0.27703.2042
MinimumVisualStudioVersion = 10.0.40219.1
Project("{FAE04EC0-301F-11D3-BF4B-00C04F79EFBC}") = "CarDealerProject", "CarDealerProject\CarDealerProject.csproj", "{5BFAD3D6-7791-4F24-A493-7B246197AEB5}"
EndProject
Project("{FAE04EC0-301F-11D3-BF4B-00C04F79EFBC}") = "Models", "Models\Models.csproj", "{C7C09CD8-5BA9-486E-A4C4-F299AE58BFCB}"
EndProject
Project("{FAE04EC0-301F-11D3-BF4B-00C04F79EFBC}") = "Repositories", "Repositories\Repositories.csproj", "{8564C749-C738-441D-A558-237357B5DABB}"
EndProject
Project("{FAE04EC0-301F-11D3-BF4B-00C04F79EFBC}") = "Services", "Services\Services.csproj", "{CA6E8CAE-B86E-4B36-B1AE-D0E541DCFE4D}"
EndProject
Global
	GlobalSection(SolutionConfigurationPlatforms) = preSolution
		Debug|Any CPU = Debug|Any CPU
		Release|Any CPU = Release|Any CPU
	EndGlobalSection
	GlobalSection(ProjectConfigurationPlatforms) = postSolution
		{5BFAD3D6-7791-4F24-A493-7B246197AEB5}.Debug|Any CPU.ActiveCfg = Debug|Any CPU
		{5BFAD3D6-7791-4F24-A493-7B246197AEB5}.Debug|Any CPU.Build.0 = Debug|Any CPU
		{5BFAD3D6-7791-4F24-A493-7B246197AEB5}.Release|Any CPU.ActiveCfg = Release|Any CPU
		{5BFAD3D6-7791-4F24-A493-7B246197AEB5}.Release|Any CPU.Build.0 = Release|Any CPU
		{C7C09CD8-5BA9-486E-A4C4-F299AE58BFCB}.Debug|Any CPU.ActiveCfg = Debug|Any CPU
		{C7C09CD8-5BA9-486E-A4C4-F299AE58BFCB}.Debug|Any CPU.Build.0 = Debug|Any CPU
		{C7C09CD8-5BA9-486E-A4C4-F299AE58BFCB}.Release|Any CPU.ActiveCfg = Release|Any CPU
		{C7C09CD8-5BA9-486E-A4C4-F299AE58BFCB}.Release|Any CPU.Build.0 = Release|Any CPU
		{8564C749-C738-441D-A558-237357B5DABB}.Debug|Any CPU.ActiveCfg = Debug|Any CPU
		{8564C749-C738-441D-A558-237357B5DABB}.Debug|Any CPU.Build.0 = Debug|Any CPU
		{8564C749-C738-441D-A558-237357B5DABB}.Release|Any CPU.ActiveCfg = Release|Any CPU
		{8564C749-C738-441D-A558-237357B5DABB}.Release|Any CPU.Build.0 = Release|Any CPU
		{CA6E8CAE-B86E-4B36-B1AE-D0E541DCFE4D}.Debug|Any CPU.ActiveCfg = Debug|Any CPU
		{CA6E8CAE-B86E-4B36-B1AE-D0E541DCFE4D}.Debug|Any CPU.Build.0 = Debug|Any CPU
		{CA6E8CAE-B86E-4B36-B1AE-D0E541DCFE4D}.Release|Any CPU.ActiveCfg = Release|Any CPU
		{CA6E8CAE-B86E-4B36-B1AE-D0E541DCFE4D}.Release|Any CPU.Build.0 = Release|Any CPU
	EndGlobalSection
	GlobalSection(SolutionProperties) = preSolution
		HideSolutionNode = FALSE
	EndGlobalSection
	GlobalSection(ExtensibilityGlobals) = postSolution
		SolutionGuid = {7E627D64-CF0B-4E25-AA67-E9E0328EB477}
	EndGlobalSection
EndGlobal
